dependencies:
- name: postgresql
  repository: https://charts.jfrog.io/
  version: 15.5.20
- name: rabbitmq
  repository: https://charts.jfrog.io/
  version: 11.9.3
- name: artifactory
  repository: https://charts.jfrog.io/
  version: 107.104.10
- name: xray
  repository: file://../xray
  version: 103.111.15
- name: catalog
  repository: https://charts.jfrog.io/
  version: 101.13.0
- name: distribution
  repository: https://charts.jfrog.io/
  version: 102.28.2
- name: worker
  repository: https://charts.jfrog.io/
  version: 101.118.0
digest: sha256:6b6c677d8e961b168c9ee4499886f78942be4f086b9673238afaca37727a7b25
generated: "2025-02-26T15:26:41.583035-05:00"
