dependencies:
- name: postgresql
  repository: https://charts.jfrog.io/
  version: 15.5.20
- name: rabbitmq
  repository: https://charts.jfrog.io/
  version: 11.9.3
- name: artifactory
  repository: https://charts.jfrog.io/
  version: 107.104.10
- name: xray
  repository: https://charts.jfrog.io/
  version: 103.107.21
- name: catalog
  repository: https://charts.jfrog.io/
  version: 101.13.0
- name: distribution
  repository: https://charts.jfrog.io/
  version: 102.28.2
- name: worker
  repository: https://charts.jfrog.io/
  version: 101.118.0
digest: sha256:d1a0a0f3cdf278643b2059fd78afda7b1e722602dd675186f30810f8eccdca7f
generated: "2025-02-26T18:21:48.98957-05:00"
